
Microsoft Visual Studio Solution File, Format Version 12.00
# Visual Studio Version 17
VisualStudioVersion = 17.4.33122.133
MinimumVisualStudioVersion = 10.0.40219.1
Project("{FAE04EC0-301F-11D3-BF4B-00C04F79EFBC}") = "MateoJijon_Examen1P", "MateoJijon_Examen1P.csproj", "{8C58982C-3907-40E8-B8F5-4E0906EB92DC}"
EndProject
Global
	GlobalSection(SolutionConfigurationPlatforms) = preSolution
		Debug|Any CPU = Debug|Any CPU
		Release|Any CPU = Release|Any CPU
	EndGlobalSection
	GlobalSection(ProjectConfigurationPlatforms) = postSolution
		{8C58982C-3907-40E8-B8F5-4E0906EB92DC}.Debug|Any CPU.ActiveCfg = Debug|Any CPU
		{8C58982C-3907-40E8-B8F5-4E0906EB92DC}.Debug|Any CPU.Build.0 = Debug|Any CPU
		{8C58982C-3907-40E8-B8F5-4E0906EB92DC}.Release|Any CPU.ActiveCfg = Release|Any CPU
		{8C58982C-3907-40E8-B8F5-4E0906EB92DC}.Release|Any CPU.Build.0 = Release|Any CPU
	EndGlobalSection
	GlobalSection(SolutionProperties) = preSolution
		HideSolutionNode = FALSE
	EndGlobalSection
	GlobalSection(ExtensibilityGlobals) = postSolution
		SolutionGuid = {04EDD422-9BA8-44A3-8AD2-A47C7C984E74}
	EndGlobalSection
EndGlobal
